{
  "name": "docs",
  "lockfileVersion": 3,
  "requires": true,
  "packages": {
    "": {
      "devDependencies": {
        "@biomejs/biome": "2.2.4",
        "lefthook": "^1.13.5"
      }
    },
    "node_modules/@biomejs/biome": {
      "version": "2.2.4",
      "resolved": "https://registry.npmjs.org/@biomejs/biome/-/biome-2.2.4.tgz",
      "integrity": "sha512-TBHU5bUy/Ok6m8c0y3pZiuO/BZoY/OcGxoLlrfQof5s8ISVwbVBdFINPQZyFfKwil8XibYWb7JMwnT8wT4WVPg==",
      "dev": true,
      "license": "MIT OR Apache-2.0",
      "bin": {
        "biome": "bin/biome"
      },
      "engines": {
        "node": ">=14.21.3"
      },
      "funding": {
        "type": "opencollective",
        "url": "https://opencollective.com/biome"
      },
      "optionalDependencies": {
        "@biomejs/cli-darwin-arm64": "2.2.4",
        "@biomejs/cli-darwin-x64": "2.2.4",
        "@biomejs/cli-linux-arm64": "2.2.4",
        "@biomejs/cli-linux-arm64-musl": "2.2.4",
        "@biomejs/cli-linux-x64": "2.2.4",
        "@biomejs/cli-linux-x64-musl": "2.2.4",
        "@biomejs/cli-win32-arm64": "2.2.4",
        "@biomejs/cli-win32-x64": "2.2.4"
      }
    },
    "node_modules/@biomejs/cli-darwin-arm64": {
      "version": "2.2.4",
      "resolved": "https://registry.npmjs.org/@biomejs/cli-darwin-arm64/-/cli-darwin-arm64-2.2.4.tgz",
      "integrity": "sha512-RJe2uiyaloN4hne4d2+qVj3d3gFJFbmrr5PYtkkjei1O9c+BjGXgpUPVbi8Pl8syumhzJjFsSIYkcLt2VlVLMA==",
      "cpu": [
        "arm64"
      ],
      "dev": true,
      "license": "MIT OR Apache-2.0",
      "optional": true,
      "os": [
        "darwin"
      ],
      "engines": {
        "node": ">=14.21.3"
      }
    },
    "node_modules/@biomejs/cli-darwin-x64": {
      "version": "2.2.4",
      "resolved": "https://registry.npmjs.org/@biomejs/cli-darwin-x64/-/cli-darwin-x64-2.2.4.tgz",
      "integrity": "sha512-cFsdB4ePanVWfTnPVaUX+yr8qV8ifxjBKMkZwN7gKb20qXPxd/PmwqUH8mY5wnM9+U0QwM76CxFyBRJhC9tQwg==",
      "cpu": [
        "x64"
      ],
      "dev": true,
      "license": "MIT OR Apache-2.0",
      "optional": true,
      "os": [
        "darwin"
      ],
      "engines": {
        "node": ">=14.21.3"
      }
    },
    "node_modules/@biomejs/cli-linux-arm64": {
      "version": "2.2.4",
      "resolved": "https://registry.npmjs.org/@biomejs/cli-linux-arm64/-/cli-linux-arm64-2.2.4.tgz",
      "integrity": "sha512-M/Iz48p4NAzMXOuH+tsn5BvG/Jb07KOMTdSVwJpicmhN309BeEyRyQX+n1XDF0JVSlu28+hiTQ2L4rZPvu7nMw==",
      "cpu": [
        "arm64"
      ],
      "dev": true,
      "license": "MIT OR Apache-2.0",
      "optional": true,
      "os": [
        "linux"
      ],
      "engines": {
        "node": ">=14.21.3"
      }
    },
    "node_modules/@biomejs/cli-linux-arm64-musl": {
      "version": "2.2.4",
      "resolved": "https://registry.npmjs.org/@biomejs/cli-linux-arm64-musl/-/cli-linux-arm64-musl-2.2.4.tgz",
      "integrity": "sha512-7TNPkMQEWfjvJDaZRSkDCPT/2r5ESFPKx+TEev+I2BXDGIjfCZk2+b88FOhnJNHtksbOZv8ZWnxrA5gyTYhSsQ==",
      "cpu": [
        "arm64"
      ],
      "dev": true,
      "license": "MIT OR Apache-2.0",
      "optional": true,
      "os": [
        "linux"
      ],
      "engines": {
        "node": ">=14.21.3"
      }
    },
    "node_modules/@biomejs/cli-linux-x64": {
      "version": "2.2.4",
      "resolved": "https://registry.npmjs.org/@biomejs/cli-linux-x64/-/cli-linux-x64-2.2.4.tgz",
      "integrity": "sha512-orr3nnf2Dpb2ssl6aihQtvcKtLySLta4E2UcXdp7+RTa7mfJjBgIsbS0B9GC8gVu0hjOu021aU8b3/I1tn+pVQ==",
      "cpu": [
        "x64"
      ],
      "dev": true,
      "license": "MIT OR Apache-2.0",
      "optional": true,
      "os": [
        "linux"
      ],
      "engines": {
        "node": ">=14.21.3"
      }
    },
    "node_modules/@biomejs/cli-linux-x64-musl": {
      "version": "2.2.4",
      "resolved": "https://registry.npmjs.org/@biomejs/cli-linux-x64-musl/-/cli-linux-x64-musl-2.2.4.tgz",
      "integrity": "sha512-m41nFDS0ksXK2gwXL6W6yZTYPMH0LughqbsxInSKetoH6morVj43szqKx79Iudkp8WRT5SxSh7qVb8KCUiewGg==",
      "cpu": [
        "x64"
      ],
      "dev": true,
      "license": "MIT OR Apache-2.0",
      "optional": true,
      "os": [
        "linux"
      ],
      "engines": {
        "node": ">=14.21.3"
      }
    },
    "node_modules/@biomejs/cli-win32-arm64": {
      "version": "2.2.4",
      "resolved": "https://registry.npmjs.org/@biomejs/cli-win32-arm64/-/cli-win32-arm64-2.2.4.tgz",
      "integrity": "sha512-NXnfTeKHDFUWfxAefa57DiGmu9VyKi0cDqFpdI+1hJWQjGJhJutHPX0b5m+eXvTKOaf+brU+P0JrQAZMb5yYaQ==",
      "cpu": [
        "arm64"
      ],
      "dev": true,
      "license": "MIT OR Apache-2.0",
      "optional": true,
      "os": [
        "win32"
      ],
      "engines": {
        "node": ">=14.21.3"
      }
    },
    "node_modules/@biomejs/cli-win32-x64": {
      "version": "2.2.4",
      "resolved": "https://registry.npmjs.org/@biomejs/cli-win32-x64/-/cli-win32-x64-2.2.4.tgz",
      "integrity": "sha512-3Y4V4zVRarVh/B/eSHczR4LYoSVyv3Dfuvm3cWs5w/HScccS0+Wt/lHOcDTRYeHjQmMYVC3rIRWqyN2EI52+zg==",
      "cpu": [
        "x64"
      ],
      "dev": true,
      "license": "MIT OR Apache-2.0",
      "optional": true,
      "os": [
        "win32"
      ],
      "engines": {
        "node": ">=14.21.3"
      }
    },
    "node_modules/lefthook": {
      "version": "1.13.5",
      "resolved": "https://registry.npmjs.org/lefthook/-/lefthook-1.13.5.tgz",
      "integrity": "sha512-tpDfEviaODCNcvLohh8vKwo5dCAa6m/KX6ECsiCPYsp4H+XDATuy9S9o6G1We5MuQwz1cFAYv+LQRtWd7eoSow==",
      "dev": true,
      "hasInstallScript": true,
      "license": "MIT",
      "bin": {
        "lefthook": "bin/index.js"
      },
      "optionalDependencies": {
        "lefthook-darwin-arm64": "1.13.5",
        "lefthook-darwin-x64": "1.13.5",
        "lefthook-freebsd-arm64": "1.13.5",
        "lefthook-freebsd-x64": "1.13.5",
        "lefthook-linux-arm64": "1.13.5",
        "lefthook-linux-x64": "1.13.5",
        "lefthook-openbsd-arm64": "1.13.5",
        "lefthook-openbsd-x64": "1.13.5",
        "lefthook-windows-arm64": "1.13.5",
        "lefthook-windows-x64": "1.13.5"
      }
    },
    "node_modules/lefthook-darwin-arm64": {
      "version": "1.13.5",
      "resolved": "https://registry.npmjs.org/lefthook-darwin-arm64/-/lefthook-darwin-arm64-1.13.5.tgz",
      "integrity": "sha512-BYt5CnAOXasVCS6i+A4ljUo9xru/B5uMFD6EWHhs3R26jGF7mBSDxM3ErzXTUaJRTP0kQI/XBmgqBryBqoqZOQ==",
      "cpu": [
        "arm64"
      ],
      "dev": true,
      "license": "MIT",
      "optional": true,
      "os": [
        "darwin"
      ]
    },
    "node_modules/lefthook-darwin-x64": {
      "version": "1.13.5",
      "resolved": "https://registry.npmjs.org/lefthook-darwin-x64/-/lefthook-darwin-x64-1.13.5.tgz",
      "integrity": "sha512-ZDtLBzvI5e26C/RZ4irOHpELTd22x9lDTgF2+eCYcnrBWOkB7800V8tuAvBybsLGvg6JwKjFxn+NTRNZnCC2hw==",
      "cpu": [
        "x64"
      ],
      "dev": true,
      "license": "MIT",
      "optional": true,
      "os": [
        "darwin"
      ]
    },
    "node_modules/lefthook-freebsd-arm64": {
      "version": "1.13.5",
      "resolved": "https://registry.npmjs.org/lefthook-freebsd-arm64/-/lefthook-freebsd-arm64-1.13.5.tgz",
      "integrity": "sha512-uQ/kQZSSedw74aGCpsfOPN4yVt3klg8grOP6gHQOCRUMv5oK/Lj3pe1PylpTuuhxWORWRzkauPMot26J0OZZdA==",
      "cpu": [
        "arm64"
      ],
      "dev": true,
      "license": "MIT",
      "optional": true,
      "os": [
        "freebsd"
      ]
    },
    "node_modules/lefthook-freebsd-x64": {
      "version": "1.13.5",
      "resolved": "https://registry.npmjs.org/lefthook-freebsd-x64/-/lefthook-freebsd-x64-1.13.5.tgz",
      "integrity": "sha512-6czek8XagVrI7ExURawkfrfX40Qjc/wktc8bLq/iXfRlmdvKDMrx2FrA82mDfEVCAEz+tTvkteK1TfR3icYF3Q==",
      "cpu": [
        "x64"
      ],
      "dev": true,
      "license": "MIT",
      "optional": true,
      "os": [
        "freebsd"
      ]
    },
    "node_modules/lefthook-linux-arm64": {
      "version": "1.13.5",
      "resolved": "https://registry.npmjs.org/lefthook-linux-arm64/-/lefthook-linux-arm64-1.13.5.tgz",
      "integrity": "sha512-MjWtiuW1br+rpTtgG1KGV53mSGtL5MWQwgafYzrFleJ89fKb86F4TD/4mVNzk5thmZ+HVPZw9bRZGUHFBnNJWg==",
      "cpu": [
        "arm64"
      ],
      "dev": true,
      "license": "MIT",
      "optional": true,
      "os": [
        "linux"
      ]
    },
    "node_modules/lefthook-linux-x64": {
      "version": "1.13.5",
      "resolved": "https://registry.npmjs.org/lefthook-linux-x64/-/lefthook-linux-x64-1.13.5.tgz",
      "integrity": "sha512-TIm+AYCanBR/+BVbBuIY3EMp3Z5lcJh+dovB52gHiuUjiauAptFXvntezyR5wAbyptLpYsb4WDmpSR8O2eln+w==",
      "cpu": [
        "x64"
      ],
      "dev": true,
      "license": "MIT",
      "optional": true,
      "os": [
        "linux"
      ]
    },
    "node_modules/lefthook-openbsd-arm64": {
      "version": "1.13.5",
      "resolved": "https://registry.npmjs.org/lefthook-openbsd-arm64/-/lefthook-openbsd-arm64-1.13.5.tgz",
      "integrity": "sha512-lYXrWf0/hBrwtG8ceaHq886bcqRKh3Lfv+jZJs+ykMLB6L/kaqk8tA4V2NHWydQ5h56o45ugs/580nMz36ZdRg==",
      "cpu": [
        "arm64"
      ],
      "dev": true,
      "license": "MIT",
      "optional": true,
      "os": [
        "openbsd"
      ]
    },
    "node_modules/lefthook-openbsd-x64": {
      "version": "1.13.5",
      "resolved": "https://registry.npmjs.org/lefthook-openbsd-x64/-/lefthook-openbsd-x64-1.13.5.tgz",
      "integrity": "sha512-Ba1JrsRbfan4WKd8Q7gUhTxCUuppXzirDObd3JxpLRSLxA47yxhjMv7KByDunRDTvzTgsXoykZI6mPupkc1JiQ==",
      "cpu": [
        "x64"
      ],
      "dev": true,
      "license": "MIT",
      "optional": true,
      "os": [
        "openbsd"
      ]
    },
    "node_modules/lefthook-windows-arm64": {
      "version": "1.13.5",
      "resolved": "https://registry.npmjs.org/lefthook-windows-arm64/-/lefthook-windows-arm64-1.13.5.tgz",
      "integrity": "sha512-Y/CpmEIb0hlFe+kTT/efWgX6+/gUTp5NItTF+gmUrY1/G/bTLIxdIRS7WpodVM0MEN24sOrQVTSi9DN9FvGoGg==",
      "cpu": [
        "arm64"
      ],
      "dev": true,
      "license": "MIT",
      "optional": true,
      "os": [
        "win32"
      ]
    },
    "node_modules/lefthook-windows-x64": {
      "version": "1.13.5",
      "resolved": "https://registry.npmjs.org/lefthook-windows-x64/-/lefthook-windows-x64-1.13.5.tgz",
      "integrity": "sha512-WJBqGNBlFJnunRwy12QyaDHdGULtostPqpYSZSS4boFJDY0lP5qtz9lAGmJ49aA5GQ19jrnDjGLwVPFiwIqksQ==",
      "cpu": [
        "x64"
      ],
      "dev": true,
      "license": "MIT",
      "optional": true,
      "os": [
        "win32"
      ]
    }
  }
}
