{
  "name": "docs",
  "lockfileVersion": 3,
  "requires": true,
  "packages": {
    "": {
      "devDependencies": {
        "@biomejs/biome": "2.1.4",
        "lefthook": "^1.12.3"
      }
    },
    "node_modules/@biomejs/biome": {
      "version": "2.1.4",
      "resolved": "https://registry.npmjs.org/@biomejs/biome/-/biome-2.1.4.tgz",
      "integrity": "sha512-QWlrqyxsU0FCebuMnkvBIkxvPqH89afiJzjMl+z67ybutse590jgeaFdDurE9XYtzpjRGTI1tlUZPGWmbKsElA==",
      "dev": true,
      "license": "MIT OR Apache-2.0",
      "bin": {
        "biome": "bin/biome"
      },
      "engines": {
        "node": ">=14.21.3"
      },
      "funding": {
        "type": "opencollective",
        "url": "https://opencollective.com/biome"
      },
      "optionalDependencies": {
        "@biomejs/cli-darwin-arm64": "2.1.4",
        "@biomejs/cli-darwin-x64": "2.1.4",
        "@biomejs/cli-linux-arm64": "2.1.4",
        "@biomejs/cli-linux-arm64-musl": "2.1.4",
        "@biomejs/cli-linux-x64": "2.1.4",
        "@biomejs/cli-linux-x64-musl": "2.1.4",
        "@biomejs/cli-win32-arm64": "2.1.4",
        "@biomejs/cli-win32-x64": "2.1.4"
      }
    },
    "node_modules/@biomejs/cli-darwin-arm64": {
      "version": "2.1.4",
      "resolved": "https://registry.npmjs.org/@biomejs/cli-darwin-arm64/-/cli-darwin-arm64-2.1.4.tgz",
      "integrity": "sha512-sCrNENE74I9MV090Wq/9Dg7EhPudx3+5OiSoQOkIe3DLPzFARuL1dOwCWhKCpA3I5RHmbrsbNSRfZwCabwd8Qg==",
      "cpu": [
        "arm64"
      ],
      "dev": true,
      "license": "MIT OR Apache-2.0",
      "optional": true,
      "os": [
        "darwin"
      ],
      "engines": {
        "node": ">=14.21.3"
      }
    },
    "node_modules/@biomejs/cli-darwin-x64": {
      "version": "2.1.4",
      "resolved": "https://registry.npmjs.org/@biomejs/cli-darwin-x64/-/cli-darwin-x64-2.1.4.tgz",
      "integrity": "sha512-gOEICJbTCy6iruBywBDcG4X5rHMbqCPs3clh3UQ+hRKlgvJTk4NHWQAyHOXvaLe+AxD1/TNX1jbZeffBJzcrOw==",
      "cpu": [
        "x64"
      ],
      "dev": true,
      "license": "MIT OR Apache-2.0",
      "optional": true,
      "os": [
        "darwin"
      ],
      "engines": {
        "node": ">=14.21.3"
      }
    },
    "node_modules/@biomejs/cli-linux-arm64": {
      "version": "2.1.4",
      "resolved": "https://registry.npmjs.org/@biomejs/cli-linux-arm64/-/cli-linux-arm64-2.1.4.tgz",
      "integrity": "sha512-juhEkdkKR4nbUi5k/KRp1ocGPNWLgFRD4NrHZSveYrD6i98pyvuzmS9yFYgOZa5JhaVqo0HPnci0+YuzSwT2fw==",
      "cpu": [
        "arm64"
      ],
      "dev": true,
      "license": "MIT OR Apache-2.0",
      "optional": true,
      "os": [
        "linux"
      ],
      "engines": {
        "node": ">=14.21.3"
      }
    },
    "node_modules/@biomejs/cli-linux-arm64-musl": {
      "version": "2.1.4",
      "resolved": "https://registry.npmjs.org/@biomejs/cli-linux-arm64-musl/-/cli-linux-arm64-musl-2.1.4.tgz",
      "integrity": "sha512-nYr7H0CyAJPaLupFE2cH16KZmRC5Z9PEftiA2vWxk+CsFkPZQ6dBRdcC6RuS+zJlPc/JOd8xw3uCCt9Pv41WvQ==",
      "cpu": [
        "arm64"
      ],
      "dev": true,
      "license": "MIT OR Apache-2.0",
      "optional": true,
      "os": [
        "linux"
      ],
      "engines": {
        "node": ">=14.21.3"
      }
    },
    "node_modules/@biomejs/cli-linux-x64": {
      "version": "2.1.4",
      "resolved": "https://registry.npmjs.org/@biomejs/cli-linux-x64/-/cli-linux-x64-2.1.4.tgz",
      "integrity": "sha512-Eoy9ycbhpJVYuR+LskV9s3uyaIkp89+qqgqhGQsWnp/I02Uqg2fXFblHJOpGZR8AxdB9ADy87oFVxn9MpFKUrw==",
      "cpu": [
        "x64"
      ],
      "dev": true,
      "license": "MIT OR Apache-2.0",
      "optional": true,
      "os": [
        "linux"
      ],
      "engines": {
        "node": ">=14.21.3"
      }
    },
    "node_modules/@biomejs/cli-linux-x64-musl": {
      "version": "2.1.4",
      "resolved": "https://registry.npmjs.org/@biomejs/cli-linux-x64-musl/-/cli-linux-x64-musl-2.1.4.tgz",
      "integrity": "sha512-lvwvb2SQQHctHUKvBKptR6PLFCM7JfRjpCCrDaTmvB7EeZ5/dQJPhTYBf36BE/B4CRWR2ZiBLRYhK7hhXBCZAg==",
      "cpu": [
        "x64"
      ],
      "dev": true,
      "license": "MIT OR Apache-2.0",
      "optional": true,
      "os": [
        "linux"
      ],
      "engines": {
        "node": ">=14.21.3"
      }
    },
    "node_modules/@biomejs/cli-win32-arm64": {
      "version": "2.1.4",
      "resolved": "https://registry.npmjs.org/@biomejs/cli-win32-arm64/-/cli-win32-arm64-2.1.4.tgz",
      "integrity": "sha512-3WRYte7orvyi6TRfIZkDN9Jzoogbv+gSvR+b9VOXUg1We1XrjBg6WljADeVEaKTvOcpVdH0a90TwyOQ6ue4fGw==",
      "cpu": [
        "arm64"
      ],
      "dev": true,
      "license": "MIT OR Apache-2.0",
      "optional": true,
      "os": [
        "win32"
      ],
      "engines": {
        "node": ">=14.21.3"
      }
    },
    "node_modules/@biomejs/cli-win32-x64": {
      "version": "2.1.4",
      "resolved": "https://registry.npmjs.org/@biomejs/cli-win32-x64/-/cli-win32-x64-2.1.4.tgz",
      "integrity": "sha512-tBc+W7anBPSFXGAoQW+f/+svkpt8/uXfRwDzN1DvnatkRMt16KIYpEi/iw8u9GahJlFv98kgHcIrSsZHZTR0sw==",
      "cpu": [
        "x64"
      ],
      "dev": true,
      "license": "MIT OR Apache-2.0",
      "optional": true,
      "os": [
        "win32"
      ],
      "engines": {
        "node": ">=14.21.3"
      }
    },
    "node_modules/lefthook": {
      "version": "1.12.3",
      "resolved": "https://registry.npmjs.org/lefthook/-/lefthook-1.12.3.tgz",
      "integrity": "sha512-huMg+mGp6wHPjkaLdchuOvxVRMzvz6OVdhivatiH2Qn47O5Zm46jwzbVPYIanX6N/8ZTjGLBxv8tZ0KYmKt/Jg==",
      "dev": true,
      "hasInstallScript": true,
      "license": "MIT",
      "bin": {
        "lefthook": "bin/index.js"
      },
      "optionalDependencies": {
        "lefthook-darwin-arm64": "1.12.3",
        "lefthook-darwin-x64": "1.12.3",
        "lefthook-freebsd-arm64": "1.12.3",
        "lefthook-freebsd-x64": "1.12.3",
        "lefthook-linux-arm64": "1.12.3",
        "lefthook-linux-x64": "1.12.3",
        "lefthook-openbsd-arm64": "1.12.3",
        "lefthook-openbsd-x64": "1.12.3",
        "lefthook-windows-arm64": "1.12.3",
        "lefthook-windows-x64": "1.12.3"
      }
    },
    "node_modules/lefthook-darwin-arm64": {
      "version": "1.12.3",
      "resolved": "https://registry.npmjs.org/lefthook-darwin-arm64/-/lefthook-darwin-arm64-1.12.3.tgz",
      "integrity": "sha512-j1lwaosWRy3vhz8oQgCS1M6EUFN95aIYeNuqkczsBoAA6BDNAmVP1ctYEIYUK4bYaIgENbqbA9prYMAhyzh6Og==",
      "cpu": [
        "arm64"
      ],
      "dev": true,
      "license": "MIT",
      "optional": true,
      "os": [
        "darwin"
      ]
    },
    "node_modules/lefthook-darwin-x64": {
      "version": "1.12.3",
      "resolved": "https://registry.npmjs.org/lefthook-darwin-x64/-/lefthook-darwin-x64-1.12.3.tgz",
      "integrity": "sha512-x6aWFfLQX4m5zQ4X9zh5+hHOE5XTvNjz2zB9DI+xbIBLs2RRg0xJNT3OfgSrBU1QtEBneJ5dRQP5nl47td9GDQ==",
      "cpu": [
        "x64"
      ],
      "dev": true,
      "license": "MIT",
      "optional": true,
      "os": [
        "darwin"
      ]
    },
    "node_modules/lefthook-freebsd-arm64": {
      "version": "1.12.3",
      "resolved": "https://registry.npmjs.org/lefthook-freebsd-arm64/-/lefthook-freebsd-arm64-1.12.3.tgz",
      "integrity": "sha512-41OmulLqVZ0EOHmmHouJrpL59SwDD7FLoso4RsQVIBPaf8fHacdLo07Ye28VWQ5XolZQvnWcr1YXKo4JhqQMyw==",
      "cpu": [
        "arm64"
      ],
      "dev": true,
      "license": "MIT",
      "optional": true,
      "os": [
        "freebsd"
      ]
    },
    "node_modules/lefthook-freebsd-x64": {
      "version": "1.12.3",
      "resolved": "https://registry.npmjs.org/lefthook-freebsd-x64/-/lefthook-freebsd-x64-1.12.3.tgz",
      "integrity": "sha512-741/JRCJIS++hgYEH2uefN4FsH872V7gy2zDhcfQofiZnWP7+qhl4Wmwi8IpjIu4X7hLOC4cT18LOVU5L8KV9Q==",
      "cpu": [
        "x64"
      ],
      "dev": true,
      "license": "MIT",
      "optional": true,
      "os": [
        "freebsd"
      ]
    },
    "node_modules/lefthook-linux-arm64": {
      "version": "1.12.3",
      "resolved": "https://registry.npmjs.org/lefthook-linux-arm64/-/lefthook-linux-arm64-1.12.3.tgz",
      "integrity": "sha512-BXIy1aDFZmFgmebJliNrEqZfX1lSOD4b/USvANv1UirFrNgTq5SRssd1CKfflT2PwKX6LsJTD4WabLLWZOxp9A==",
      "cpu": [
        "arm64"
      ],
      "dev": true,
      "license": "MIT",
      "optional": true,
      "os": [
        "linux"
      ]
    },
    "node_modules/lefthook-linux-x64": {
      "version": "1.12.3",
      "resolved": "https://registry.npmjs.org/lefthook-linux-x64/-/lefthook-linux-x64-1.12.3.tgz",
      "integrity": "sha512-FRdwdj5jsQAP2eVrtkVUqMqYNCbQ2Ix84izy29/BvLlu/hVypAGbDfUkgFnsmAd6ZsCBeYCEtPuqyg3E3SO0Rg==",
      "cpu": [
        "x64"
      ],
      "dev": true,
      "license": "MIT",
      "optional": true,
      "os": [
        "linux"
      ]
    },
    "node_modules/lefthook-openbsd-arm64": {
      "version": "1.12.3",
      "resolved": "https://registry.npmjs.org/lefthook-openbsd-arm64/-/lefthook-openbsd-arm64-1.12.3.tgz",
      "integrity": "sha512-tch5wXY4GOjKAYohH7OFoxNdVHuUSYt2Pulo2VTkMYEG8IrvJnRO5MkvgHtKDHzU5mfABQYv5+ccJykDx5hQWA==",
      "cpu": [
        "arm64"
      ],
      "dev": true,
      "license": "MIT",
      "optional": true,
      "os": [
        "openbsd"
      ]
    },
    "node_modules/lefthook-openbsd-x64": {
      "version": "1.12.3",
      "resolved": "https://registry.npmjs.org/lefthook-openbsd-x64/-/lefthook-openbsd-x64-1.12.3.tgz",
      "integrity": "sha512-IHbHg/rUFXrAN7LnjcQEtutCHBaD49CZge96Hpk0GZ2eEG5GTCNRnUyEf+Kf3+RTqHFgwtADdpeDa/ZaGZTM4g==",
      "cpu": [
        "x64"
      ],
      "dev": true,
      "license": "MIT",
      "optional": true,
      "os": [
        "openbsd"
      ]
    },
    "node_modules/lefthook-windows-arm64": {
      "version": "1.12.3",
      "resolved": "https://registry.npmjs.org/lefthook-windows-arm64/-/lefthook-windows-arm64-1.12.3.tgz",
      "integrity": "sha512-wghcE5TSpb+mbtemUV6uAo9hEK09kxRzhf2nPdeDX+fw42cL2TGZsbaCnDyzaY144C+L2/wEWrLIHJMnZYkuqA==",
      "cpu": [
        "arm64"
      ],
      "dev": true,
      "license": "MIT",
      "optional": true,
      "os": [
        "win32"
      ]
    },
    "node_modules/lefthook-windows-x64": {
      "version": "1.12.3",
      "resolved": "https://registry.npmjs.org/lefthook-windows-x64/-/lefthook-windows-x64-1.12.3.tgz",
      "integrity": "sha512-7Co/L8e2x2hGC1L33jDJ4ZlTkO3PJm25GOGpLfN1kqwhGB/uzMLeTI/PBczjlIN8isUv26ouNd9rVR7Bibrwyg==",
      "cpu": [
        "x64"
      ],
      "dev": true,
      "license": "MIT",
      "optional": true,
      "os": [
        "win32"
      ]
    }
  }
}
