{
  "name": "docs",
  "lockfileVersion": 3,
  "requires": true,
  "packages": {
    "": {
      "devDependencies": {
        "@biomejs/biome": "1.9.4",
        "lefthook": "^1.11.2"
      }
    },
    "node_modules/@biomejs/biome": {
      "version": "1.9.4",
      "resolved": "https://registry.npmjs.org/@biomejs/biome/-/biome-1.9.4.tgz",
      "integrity": "sha512-1rkd7G70+o9KkTn5KLmDYXihGoTaIGO9PIIN2ZB7UJxFrWw04CZHPYiMRjYsaDvVV7hP1dYNRLxSANLaBFGpog==",
      "dev": true,
      "hasInstallScript": true,
      "bin": {
        "biome": "bin/biome"
      },
      "engines": {
        "node": ">=14.21.3"
      },
      "funding": {
        "type": "opencollective",
        "url": "https://opencollective.com/biome"
      },
      "optionalDependencies": {
        "@biomejs/cli-darwin-arm64": "1.9.4",
        "@biomejs/cli-darwin-x64": "1.9.4",
        "@biomejs/cli-linux-arm64": "1.9.4",
        "@biomejs/cli-linux-arm64-musl": "1.9.4",
        "@biomejs/cli-linux-x64": "1.9.4",
        "@biomejs/cli-linux-x64-musl": "1.9.4",
        "@biomejs/cli-win32-arm64": "1.9.4",
        "@biomejs/cli-win32-x64": "1.9.4"
      }
    },
    "node_modules/@biomejs/cli-darwin-arm64": {
      "version": "1.9.4",
      "resolved": "https://registry.npmjs.org/@biomejs/cli-darwin-arm64/-/cli-darwin-arm64-1.9.4.tgz",
      "integrity": "sha512-bFBsPWrNvkdKrNCYeAp+xo2HecOGPAy9WyNyB/jKnnedgzl4W4Hb9ZMzYNbf8dMCGmUdSavlYHiR01QaYR58cw==",
      "cpu": [
        "arm64"
      ],
      "dev": true,
      "optional": true,
      "os": [
        "darwin"
      ],
      "engines": {
        "node": ">=14.21.3"
      }
    },
    "node_modules/lefthook": {
      "version": "1.11.2",
      "resolved": "https://registry.npmjs.org/lefthook/-/lefthook-1.11.2.tgz",
      "integrity": "sha512-/5royc/WbL2KTfFJ54wEdvxUZOBXwc54v/fW2Bz4LMOkAA3LWIxnoUiybSiauu+nhdTG98qERxH1YHwF2wZlAA==",
      "dev": true,
      "hasInstallScript": true,
      "license": "MIT",
      "bin": {
        "lefthook": "bin/index.js"
      },
      "optionalDependencies": {
        "lefthook-darwin-arm64": "1.11.2",
        "lefthook-darwin-x64": "1.11.2",
        "lefthook-freebsd-arm64": "1.11.2",
        "lefthook-freebsd-x64": "1.11.2",
        "lefthook-linux-arm64": "1.11.2",
        "lefthook-linux-x64": "1.11.2",
        "lefthook-openbsd-arm64": "1.11.2",
        "lefthook-openbsd-x64": "1.11.2",
        "lefthook-windows-arm64": "1.11.2",
        "lefthook-windows-x64": "1.11.2"
      }
    },
    "node_modules/lefthook-darwin-arm64": {
      "version": "1.11.2",
      "resolved": "https://registry.npmjs.org/lefthook-darwin-arm64/-/lefthook-darwin-arm64-1.11.2.tgz",
      "integrity": "sha512-8DpvrybtWdt6UmfZk+hA8daYXr6zkpJVogZ8M49BQx6ISSKUaC03xzO1m4MrAsoKok77ka4JAidYhOa2gCu15A==",
      "cpu": [
        "arm64"
      ],
      "dev": true,
      "license": "MIT",
      "optional": true,
      "os": [
        "darwin"
      ]
    },
    "node_modules/lefthook-darwin-x64": {
      "version": "1.11.2",
      "resolved": "https://registry.npmjs.org/lefthook-darwin-x64/-/lefthook-darwin-x64-1.11.2.tgz",
      "integrity": "sha512-DrL1SOT8lJksjudRu6fTZTp3M0EbpCP2RQ22MDT71clS8BMrFL8x3h9Ziw+uNH76j9zA241tW5zMxWMSv+foAA==",
      "cpu": [
        "x64"
      ],
      "dev": true,
      "license": "MIT",
      "optional": true,
      "os": [
        "darwin"
      ]
    },
    "node_modules/lefthook-freebsd-arm64": {
      "version": "1.11.2",
      "resolved": "https://registry.npmjs.org/lefthook-freebsd-arm64/-/lefthook-freebsd-arm64-1.11.2.tgz",
      "integrity": "sha512-AliG4Wi8BNC27hCSnuFBeUXh/eA3fppnUbQQPISy/G94yfwRkzyml9MZzvb7HKmUpw1LT0sq9RQ6FQPxBZ2DYA==",
      "cpu": [
        "arm64"
      ],
      "dev": true,
      "license": "MIT",
      "optional": true,
      "os": [
        "freebsd"
      ]
    },
    "node_modules/lefthook-freebsd-x64": {
      "version": "1.11.2",
      "resolved": "https://registry.npmjs.org/lefthook-freebsd-x64/-/lefthook-freebsd-x64-1.11.2.tgz",
      "integrity": "sha512-V6cgRCoi5+jcq6XBIdRYraeEOK1UhBrtL/XZlNypAIkhPoBtfTP9u2wSprGMDzZvJCRriLXZxV/d0v94laKXzA==",
      "cpu": [
        "x64"
      ],
      "dev": true,
      "license": "MIT",
      "optional": true,
      "os": [
        "freebsd"
      ]
    },
    "node_modules/lefthook-linux-arm64": {
      "version": "1.11.2",
      "resolved": "https://registry.npmjs.org/lefthook-linux-arm64/-/lefthook-linux-arm64-1.11.2.tgz",
      "integrity": "sha512-VKcK7sjIK8UpXX/qK6Fxa0Lnwr4gzRtlXDS17jzxThcyFk8iGBpQ+9ZnPLv2yAaEIzmGhJUG9sDgOb9IQ5kpBQ==",
      "cpu": [
        "arm64"
      ],
      "dev": true,
      "license": "MIT",
      "optional": true,
      "os": [
        "linux"
      ]
    },
    "node_modules/lefthook-linux-x64": {
      "version": "1.11.2",
      "resolved": "https://registry.npmjs.org/lefthook-linux-x64/-/lefthook-linux-x64-1.11.2.tgz",
      "integrity": "sha512-aGa2Krph14YwSW7KF0PrlCBK9P7V/Z4oFklonmz3r2Fjm8EdhA750y7OQvA9KerXRleIb5SaUH/cz1azG/izeQ==",
      "cpu": [
        "x64"
      ],
      "dev": true,
      "license": "MIT",
      "optional": true,
      "os": [
        "linux"
      ]
    },
    "node_modules/lefthook-openbsd-arm64": {
      "version": "1.11.2",
      "resolved": "https://registry.npmjs.org/lefthook-openbsd-arm64/-/lefthook-openbsd-arm64-1.11.2.tgz",
      "integrity": "sha512-f7owNQ9Ki6Y07KBgdXdH28EYO0eBdZuGTpIggMeHNhYFVDavxuINP2BjmbXtzpUu8K5BX6exGx0umtWhRhXbvQ==",
      "cpu": [
        "arm64"
      ],
      "dev": true,
      "license": "MIT",
      "optional": true,
      "os": [
        "openbsd"
      ]
    },
    "node_modules/lefthook-openbsd-x64": {
      "version": "1.11.2",
      "resolved": "https://registry.npmjs.org/lefthook-openbsd-x64/-/lefthook-openbsd-x64-1.11.2.tgz",
      "integrity": "sha512-HKv6PV64vOjqPrlxAqo07N9+Z34jdPDBfeExqi0ldR7vACFaBJFIdhWCLLP+3uQUrNKc8GXlikqplZn8MgRSQw==",
      "cpu": [
        "x64"
      ],
      "dev": true,
      "license": "MIT",
      "optional": true,
      "os": [
        "openbsd"
      ]
    },
    "node_modules/lefthook-windows-arm64": {
      "version": "1.11.2",
      "resolved": "https://registry.npmjs.org/lefthook-windows-arm64/-/lefthook-windows-arm64-1.11.2.tgz",
      "integrity": "sha512-042jCKZ/H+lS6XYoMIf2FWMP2hxXqfAT52UW6lYObIOvQ5xu/epUXFjtmXRyYxCv57No3JYYMg1Yr06xdzTKkQ==",
      "cpu": [
        "arm64"
      ],
      "dev": true,
      "license": "MIT",
      "optional": true,
      "os": [
        "win32"
      ]
    },
    "node_modules/lefthook-windows-x64": {
      "version": "1.11.2",
      "resolved": "https://registry.npmjs.org/lefthook-windows-x64/-/lefthook-windows-x64-1.11.2.tgz",
      "integrity": "sha512-1Map6Ck2AyfY6ptN9T19N41HFKFqRTzmILtGaRGJABEzHiE4+gSWcq5YT1R6cCtkVlewD3Lx+J/80D/Kb/cVtw==",
      "cpu": [
        "x64"
      ],
      "dev": true,
      "license": "MIT",
      "optional": true,
      "os": [
        "win32"
      ]
    }
  }
}
